
Microsoft Visual Studio Solution File, Format Version 11.00
# Visual Studio 2010
Project("{FAE04EC0-301F-11D3-BF4B-00C04F79EFBC}") = "BlackJack", "Assembly-CSharp.csproj", "{214F66CB-E209-0E78-54EC-CD9493EB5B94}"
EndProject
Global
	GlobalSection(SolutionConfigurationPlatforms) = preSolution
		Debug|Any CPU = Debug|Any CPU
		Release|Any CPU = Release|Any CPU
	EndGlobalSection
	GlobalSection(ProjectConfigurationPlatforms) = postSolution
		{214F66CB-E209-0E78-54EC-CD9493EB5B94}.Debug|Any CPU.ActiveCfg = Debug|Any CPU
		{214F66CB-E209-0E78-54EC-CD9493EB5B94}.Debug|Any CPU.Build.0 = Debug|Any CPU
		{214F66CB-E209-0E78-54EC-CD9493EB5B94}.Release|Any CPU.ActiveCfg = Release|Any CPU
		{214F66CB-E209-0E78-54EC-CD9493EB5B94}.Release|Any CPU.Build.0 = Release|Any CPU
	EndGlobalSection
	GlobalSection(SolutionProperties) = preSolution
		HideSolutionNode = FALSE
	EndGlobalSection
	GlobalSection(MonoDevelopProperties) = preSolution
		StartupItem = Assembly-CSharp.csproj
	EndGlobalSection
EndGlobal
